
Microsoft Visual Studio Solution File, Format Version 12.00
# Visual Studio Version 16
VisualStudioVersion = 16.0.29324.140
MinimumVisualStudioVersion = 10.0.40219.1
Project("{FAE04EC0-301F-11D3-BF4B-00C04F79EFBC}") = "Entities", "Entities\Entities.csproj", "{3F7246DB-289D-4C34-AEA6-0A98970CD787}"
EndProject
Project("{FAE04EC0-301F-11D3-BF4B-00C04F79EFBC}") = "DataAccess", "DataAccess\DataAccess.csproj", "{AD48BA6B-BAD8-4F86-BB9D-24EADDA6DFFC}"
EndProject
Project("{FAE04EC0-301F-11D3-BF4B-00C04F79EFBC}") = "Business", "Business\Business.csproj", "{3C2DC916-BF4D-4EAC-98C6-4450BFE5FEEA}"
EndProject
Project("{FAE04EC0-301F-11D3-BF4B-00C04F79EFBC}") = "ConsoleUI", "ConsoleUI\ConsoleUI.csproj", "{46BF7EBA-57DC-4347-A948-26C201673EDB}"
EndProject
Global
	GlobalSection(SolutionConfigurationPlatforms) = preSolution
		Debug|Any CPU = Debug|Any CPU
		Release|Any CPU = Release|Any CPU
	EndGlobalSection
	GlobalSection(ProjectConfigurationPlatforms) = postSolution
		{3F7246DB-289D-4C34-AEA6-0A98970CD787}.Debug|Any CPU.ActiveCfg = Debug|Any CPU
		{3F7246DB-289D-4C34-AEA6-0A98970CD787}.Debug|Any CPU.Build.0 = Debug|Any CPU
		{3F7246DB-289D-4C34-AEA6-0A98970CD787}.Release|Any CPU.ActiveCfg = Release|Any CPU
		{3F7246DB-289D-4C34-AEA6-0A98970CD787}.Release|Any CPU.Build.0 = Release|Any CPU
		{AD48BA6B-BAD8-4F86-BB9D-24EADDA6DFFC}.Debug|Any CPU.ActiveCfg = Debug|Any CPU
		{AD48BA6B-BAD8-4F86-BB9D-24EADDA6DFFC}.Debug|Any CPU.Build.0 = Debug|Any CPU
		{AD48BA6B-BAD8-4F86-BB9D-24EADDA6DFFC}.Release|Any CPU.ActiveCfg = Release|Any CPU
		{AD48BA6B-BAD8-4F86-BB9D-24EADDA6DFFC}.Release|Any CPU.Build.0 = Release|Any CPU
		{3C2DC916-BF4D-4EAC-98C6-4450BFE5FEEA}.Debug|Any CPU.ActiveCfg = Debug|Any CPU
		{3C2DC916-BF4D-4EAC-98C6-4450BFE5FEEA}.Debug|Any CPU.Build.0 = Debug|Any CPU
		{3C2DC916-BF4D-4EAC-98C6-4450BFE5FEEA}.Release|Any CPU.ActiveCfg = Release|Any CPU
		{3C2DC916-BF4D-4EAC-98C6-4450BFE5FEEA}.Release|Any CPU.Build.0 = Release|Any CPU
		{46BF7EBA-57DC-4347-A948-26C201673EDB}.Debug|Any CPU.ActiveCfg = Debug|Any CPU
		{46BF7EBA-57DC-4347-A948-26C201673EDB}.Debug|Any CPU.Build.0 = Debug|Any CPU
		{46BF7EBA-57DC-4347-A948-26C201673EDB}.Release|Any CPU.ActiveCfg = Release|Any CPU
		{46BF7EBA-57DC-4347-A948-26C201673EDB}.Release|Any CPU.Build.0 = Release|Any CPU
	EndGlobalSection
	GlobalSection(SolutionProperties) = preSolution
		HideSolutionNode = FALSE
	EndGlobalSection
	GlobalSection(ExtensibilityGlobals) = postSolution
		SolutionGuid = {76615AA5-5769-4C13-92CF-191F37B7E1C6}
	EndGlobalSection
EndGlobal
